
Microsoft Visual Studio Solution File, Format Version 12.00
# Visual Studio Version 17
VisualStudioVersion = 17.5.33530.505
MinimumVisualStudioVersion = 10.0.40219.1
Project("{2150E333-8FDC-42A3-9474-1A3956D46DE8}") = "Docs", "Docs", "{CD90B4CC-A1B5-42D8-A1CB-BC8F1FF4FC43}"
	ProjectSection(SolutionItems) = preProject
		CONTRIBUTING.md = CONTRIBUTING.md
		DEPLOYNOTES.md = DEPLOYNOTES.md
		LICENSE.md = LICENSE.md
		README.md = README.md
		LoggingMadeEasy.sln.headertext = LoggingMadeEasy.sln.headertext
	EndProjectSection
EndProject
Project("{2150E333-8FDC-42A3-9474-1A3956D46DE8}") = "Code", "Code", "{CD934205-1272-4606-BF3F-24012B1CA65B}"
EndProject
Project("{9A19103F-16F7-4668-BE54-9A1E7A4F7556}") = "LoggingMadeEasy", "LoggingMadeEasy\LoggingMadeEasy.csproj", "{D9C51EDA-4A01-4710-8BFF-0F1EC209B057}"
EndProject
Project("{FAE04EC0-301F-11D3-BF4B-00C04F79EFBC}") = "Demo", "Demo\Demo.csproj", "{ED2BC3C6-DCA5-4567-8F86-D33257BC57AD}"
EndProject
Global
	GlobalSection(SolutionConfigurationPlatforms) = preSolution
		Debug|Any CPU = Debug|Any CPU
		Release|Any CPU = Release|Any CPU
	EndGlobalSection
	GlobalSection(ProjectConfigurationPlatforms) = postSolution
		{D9C51EDA-4A01-4710-8BFF-0F1EC209B057}.Debug|Any CPU.ActiveCfg = Debug|Any CPU
		{D9C51EDA-4A01-4710-8BFF-0F1EC209B057}.Debug|Any CPU.Build.0 = Debug|Any CPU
		{D9C51EDA-4A01-4710-8BFF-0F1EC209B057}.Release|Any CPU.ActiveCfg = Release|Any CPU
		{D9C51EDA-4A01-4710-8BFF-0F1EC209B057}.Release|Any CPU.Build.0 = Release|Any CPU
		{ED2BC3C6-DCA5-4567-8F86-D33257BC57AD}.Debug|Any CPU.ActiveCfg = Debug|Any CPU
		{ED2BC3C6-DCA5-4567-8F86-D33257BC57AD}.Debug|Any CPU.Build.0 = Debug|Any CPU
		{ED2BC3C6-DCA5-4567-8F86-D33257BC57AD}.Release|Any CPU.ActiveCfg = Release|Any CPU
		{ED2BC3C6-DCA5-4567-8F86-D33257BC57AD}.Release|Any CPU.Build.0 = Release|Any CPU
	EndGlobalSection
	GlobalSection(SolutionProperties) = preSolution
		HideSolutionNode = FALSE
	EndGlobalSection
	GlobalSection(NestedProjects) = preSolution
		{D9C51EDA-4A01-4710-8BFF-0F1EC209B057} = {CD934205-1272-4606-BF3F-24012B1CA65B}
		{ED2BC3C6-DCA5-4567-8F86-D33257BC57AD} = {CD934205-1272-4606-BF3F-24012B1CA65B}
	EndGlobalSection
	GlobalSection(ExtensibilityGlobals) = postSolution
		SolutionGuid = {B5EDBF5D-B8DF-4113-BD31-95892BCB0CF7}
	EndGlobalSection
EndGlobal
